{
  "name": "using_npm_packages",
  "version": "1.0.0",
  "lockfileVersion": 3,
  "requires": true,
  "packages": {
    "": {
      "name": "using_npm_packages",
      "version": "1.0.0",
      "license": "ISC",
      "dependencies": {
        "@sudhanshupandey/deploying_npm_packages": "^1.0.9"
      }
    },
    "node_modules/@sudhanshupandey/deploying_npm_packages": {
      "version": "1.0.9",
      "resolved": "https://registry.npmjs.org/@sudhanshupandey/deploying_npm_packages/-/deploying_npm_packages-1.0.9.tgz",
      "integrity": "sha512-NIxyacnDGg+S13RxVyzENSdQxio5MO5wh/FRd08uIy0flxy3fOCo0BRZDfpRU9bAVWHhg95hlR3A3r9KXYPqGQ==",
      "license": "ISC",
      "dependencies": {
        "zod": "^3.23.8"
      }
    },
    "node_modules/zod": {
      "version": "3.23.8",
      "resolved": "https://registry.npmjs.org/zod/-/zod-3.23.8.tgz",
      "integrity": "sha512-XBx9AXhXktjUqnepgTiE5flcKIYWi/rme0Eaj+5Y0lftuGBq+jyRu/md4WnuxqgP1ubdpNCsYEYPxrzVHD8d6g==",
      "license": "MIT",
      "funding": {
        "url": "https://github.com/sponsors/colinhacks"
      }
    }
  }
}
